
Microsoft Visual Studio Solution File, Format Version 12.00
# Visual Studio 14
VisualStudioVersion = 14.0.23107.0
MinimumVisualStudioVersion = 10.0.40219.1
Project("{888888A0-9F3D-457C-B088-3A5042F75D52}") = "seuSVM", "seuSVM\seuSVM.pyproj", "{984B0B2C-D704-443B-89AE-F3C3AE3336BF}"
EndProject
Project("{888888A0-9F3D-457C-B088-3A5042F75D52}") = "SEUserver", "SEUserver\SEUserver.pyproj", "{3BDB8EAE-CE7C-4FF8-BEB4-20F3E931225A}"
EndProject
Global
	GlobalSection(SolutionConfigurationPlatforms) = preSolution
		Debug|Any CPU = Debug|Any CPU
		Release|Any CPU = Release|Any CPU
	EndGlobalSection
	GlobalSection(ProjectConfigurationPlatforms) = postSolution
		{984B0B2C-D704-443B-89AE-F3C3AE3336BF}.Debug|Any CPU.ActiveCfg = Debug|Any CPU
		{984B0B2C-D704-443B-89AE-F3C3AE3336BF}.Release|Any CPU.ActiveCfg = Release|Any CPU
		{3BDB8EAE-CE7C-4FF8-BEB4-20F3E931225A}.Debug|Any CPU.ActiveCfg = Debug|Any CPU
		{3BDB8EAE-CE7C-4FF8-BEB4-20F3E931225A}.Release|Any CPU.ActiveCfg = Release|Any CPU
	EndGlobalSection
	GlobalSection(SolutionProperties) = preSolution
		HideSolutionNode = FALSE
	EndGlobalSection
EndGlobal
